
Microsoft Visual Studio Solution File, Format Version 12.00
# Visual Studio 2013
VisualStudioVersion = 12.0.31101.0
MinimumVisualStudioVersion = 10.0.40219.1
Project("{FAE04EC0-301F-11D3-BF4B-00C04F79EFBC}") = "Praktikum_4_XML_and_doc_oriented_db", "Praktikum_4_XML_and_doc_oriented_db\Praktikum_4_XML_and_doc_oriented_db.csproj", "{003A4ADD-DA40-4A05-8EC4-A826AF32AAEC}"
EndProject
Global
	GlobalSection(SolutionConfigurationPlatforms) = preSolution
		Debug|Any CPU = Debug|Any CPU
		Release|Any CPU = Release|Any CPU
	EndGlobalSection
	GlobalSection(ProjectConfigurationPlatforms) = postSolution
		{003A4ADD-DA40-4A05-8EC4-A826AF32AAEC}.Debug|Any CPU.ActiveCfg = Debug|Any CPU
		{003A4ADD-DA40-4A05-8EC4-A826AF32AAEC}.Debug|Any CPU.Build.0 = Debug|Any CPU
		{003A4ADD-DA40-4A05-8EC4-A826AF32AAEC}.Release|Any CPU.ActiveCfg = Release|Any CPU
		{003A4ADD-DA40-4A05-8EC4-A826AF32AAEC}.Release|Any CPU.Build.0 = Release|Any CPU
	EndGlobalSection
	GlobalSection(SolutionProperties) = preSolution
		HideSolutionNode = FALSE
	EndGlobalSection
EndGlobal
